
Microsoft Visual Studio Solution File, Format Version 12.00
# Visual Studio 15
Project("{FAE04EC0-301F-11D3-BF4B-00C04F79EFBC}") = "Bio_Sword", "Assembly-CSharp.csproj", "{4E4E3F92-AC2B-4090-DC17-D09840CF1590}"
EndProject
Global
	GlobalSection(SolutionConfigurationPlatforms) = preSolution
		Debug|Any CPU = Debug|Any CPU
		Release|Any CPU = Release|Any CPU
	EndGlobalSection
	GlobalSection(ProjectConfigurationPlatforms) = postSolution
		{4E4E3F92-AC2B-4090-DC17-D09840CF1590}.Debug|Any CPU.ActiveCfg = Debug|Any CPU
		{4E4E3F92-AC2B-4090-DC17-D09840CF1590}.Debug|Any CPU.Build.0 = Debug|Any CPU
		{4E4E3F92-AC2B-4090-DC17-D09840CF1590}.Release|Any CPU.ActiveCfg = Release|Any CPU
		{4E4E3F92-AC2B-4090-DC17-D09840CF1590}.Release|Any CPU.Build.0 = Release|Any CPU
	EndGlobalSection
	GlobalSection(SolutionProperties) = preSolution
		HideSolutionNode = FALSE
	EndGlobalSection
EndGlobal
